
Microsoft Visual Studio Solution File, Format Version 12.00
# Visual Studio 15
Project("{FAE04EC0-301F-11D3-BF4B-00C04F79EFBC}") = "Assembly-CSharp", "Assembly-CSharp.csproj", "{0EE45CFD-3CC6-76F4-FC95-4D324A89DE60}"
EndProject
Project("{FAE04EC0-301F-11D3-BF4B-00C04F79EFBC}") = "Assembly-CSharp-firstpass", "Assembly-CSharp-firstpass.csproj", "{7912BD12-C3C3-8AF6-F48F-C0CD6C405795}"
EndProject
Project("{FAE04EC0-301F-11D3-BF4B-00C04F79EFBC}") = "Assembly-CSharp-Editor-firstpass", "Assembly-CSharp-Editor-firstpass.csproj", "{3A800D76-B6E9-9942-EB2C-72B0C26A0FA5}"
EndProject
Global
	GlobalSection(SolutionConfigurationPlatforms) = preSolution
		Debug|Any CPU = Debug|Any CPU
		Release|Any CPU = Release|Any CPU
	EndGlobalSection
	GlobalSection(ProjectConfigurationPlatforms) = postSolution
		{0EE45CFD-3CC6-76F4-FC95-4D324A89DE60}.Debug|Any CPU.ActiveCfg = Debug|Any CPU
		{0EE45CFD-3CC6-76F4-FC95-4D324A89DE60}.Debug|Any CPU.Build.0 = Debug|Any CPU
		{0EE45CFD-3CC6-76F4-FC95-4D324A89DE60}.Release|Any CPU.ActiveCfg = Release|Any CPU
		{0EE45CFD-3CC6-76F4-FC95-4D324A89DE60}.Release|Any CPU.Build.0 = Release|Any CPU
		{7912BD12-C3C3-8AF6-F48F-C0CD6C405795}.Debug|Any CPU.ActiveCfg = Debug|Any CPU
		{7912BD12-C3C3-8AF6-F48F-C0CD6C405795}.Debug|Any CPU.Build.0 = Debug|Any CPU
		{7912BD12-C3C3-8AF6-F48F-C0CD6C405795}.Release|Any CPU.ActiveCfg = Release|Any CPU
		{7912BD12-C3C3-8AF6-F48F-C0CD6C405795}.Release|Any CPU.Build.0 = Release|Any CPU
		{3A800D76-B6E9-9942-EB2C-72B0C26A0FA5}.Debug|Any CPU.ActiveCfg = Debug|Any CPU
		{3A800D76-B6E9-9942-EB2C-72B0C26A0FA5}.Debug|Any CPU.Build.0 = Debug|Any CPU
		{3A800D76-B6E9-9942-EB2C-72B0C26A0FA5}.Release|Any CPU.ActiveCfg = Release|Any CPU
		{3A800D76-B6E9-9942-EB2C-72B0C26A0FA5}.Release|Any CPU.Build.0 = Release|Any CPU
	EndGlobalSection
	GlobalSection(SolutionProperties) = preSolution
		HideSolutionNode = FALSE
	EndGlobalSection
EndGlobal
